
Microsoft Visual Studio Solution File, Format Version 12.00
# Visual Studio Version 18
VisualStudioVersion = 18.3.11218.70 d18.3
MinimumVisualStudioVersion = 10.0.40219.1
Project("{D954291E-2A0B-460D-934E-DC6B0785DB48}") = "SODA_PLUS_AI_Docs", "SODA_PLUS_AI_Docs.shproj", "{CC1153DC-77F3-41ED-844B-30EF77160D4D}"
EndProject
Global
	GlobalSection(SolutionProperties) = preSolution
		HideSolutionNode = FALSE
	EndGlobalSection
	GlobalSection(ExtensibilityGlobals) = postSolution
		SolutionGuid = {EB7E75F6-D05A-4F96-9F99-0591DC99CA22}
	EndGlobalSection
	GlobalSection(SharedMSBuildProjectFiles) = preSolution
		SODA_PLUS_AI_Docs.projitems*{cc1153dc-77f3-41ed-844b-30ef77160d4d}*SharedItemsImports = 13
	EndGlobalSection
EndGlobal
